
Microsoft Visual Studio Solution File, Format Version 12.00
# Visual Studio Version 17
VisualStudioVersion = 17.0.32112.339
MinimumVisualStudioVersion = 10.0.40219.1
Project("{FAE04EC0-301F-11D3-BF4B-00C04F79EFBC}") = "firstapp", "firstapp\firstapp.csproj", "{AB9BD42C-1485-4C29-A488-38902981FDEA}"
EndProject
Global
	GlobalSection(SolutionConfigurationPlatforms) = preSolution
		Debug|Any CPU = Debug|Any CPU
		Release|Any CPU = Release|Any CPU
	EndGlobalSection
	GlobalSection(ProjectConfigurationPlatforms) = postSolution
		{AB9BD42C-1485-4C29-A488-38902981FDEA}.Debug|Any CPU.ActiveCfg = Debug|Any CPU
		{AB9BD42C-1485-4C29-A488-38902981FDEA}.Debug|Any CPU.Build.0 = Debug|Any CPU
		{AB9BD42C-1485-4C29-A488-38902981FDEA}.Release|Any CPU.ActiveCfg = Release|Any CPU
		{AB9BD42C-1485-4C29-A488-38902981FDEA}.Release|Any CPU.Build.0 = Release|Any CPU
	EndGlobalSection
	GlobalSection(SolutionProperties) = preSolution
		HideSolutionNode = FALSE
	EndGlobalSection
	GlobalSection(ExtensibilityGlobals) = postSolution
		SolutionGuid = {D185318E-56FE-4A26-A2CA-D9E72F444B41}
	EndGlobalSection
EndGlobal
